
Microsoft Visual Studio Solution File, Format Version 12.00
# Visual Studio Version 16
VisualStudioVersion = 16.0.30517.126
MinimumVisualStudioVersion = 10.0.40219.1
Project("{2150E333-8FDC-42A3-9474-1A3956D46DE8}") = "Infraestructure", "Infraestructure", "{6F1D596F-9BC0-49EB-8278-9835505C4FD5}"
EndProject
Project("{2150E333-8FDC-42A3-9474-1A3956D46DE8}") = "Core", "Core", "{79DB14CC-AB82-4725-BCDF-6FC97608F612}"
EndProject
Project("{2150E333-8FDC-42A3-9474-1A3956D46DE8}") = "Presentation", "Presentation", "{C7662FAC-399F-4A8F-A160-8DF6CA907D12}"
EndProject
Project("{9A19103F-16F7-4668-BE54-9A1E7A4F7556}") = "Domain", "Domain\Domain.csproj", "{4B5483CD-8581-4D46-822E-8F3E91879F14}"
EndProject
Project("{9A19103F-16F7-4668-BE54-9A1E7A4F7556}") = "Application", "Application\Application.csproj", "{C7591923-66D2-4BE0-91A4-1F23C109C6AA}"
EndProject
Project("{9A19103F-16F7-4668-BE54-9A1E7A4F7556}") = "Persistence", "Persistence\Persistence.csproj", "{65320AD2-9A32-46BA-944B-F9CD6B751484}"
EndProject
Project("{9A19103F-16F7-4668-BE54-9A1E7A4F7556}") = "WebApi", "WebApi\WebApi.csproj", "{995A5214-841C-4CEF-BBDC-DAB6D2A90931}"
EndProject
Project("{FAE04EC0-301F-11D3-BF4B-00C04F79EFBC}") = "Persistance.Dapper", "Persistance.Dapper\Persistance.Dapper.csproj", "{A2CD102D-A504-4C1D-8B2D-531A587ED21E}"
EndProject
Global
	GlobalSection(SolutionConfigurationPlatforms) = preSolution
		Debug|Any CPU = Debug|Any CPU
		Release|Any CPU = Release|Any CPU
	EndGlobalSection
	GlobalSection(ProjectConfigurationPlatforms) = postSolution
		{4B5483CD-8581-4D46-822E-8F3E91879F14}.Debug|Any CPU.ActiveCfg = Debug|Any CPU
		{4B5483CD-8581-4D46-822E-8F3E91879F14}.Debug|Any CPU.Build.0 = Debug|Any CPU
		{4B5483CD-8581-4D46-822E-8F3E91879F14}.Release|Any CPU.ActiveCfg = Release|Any CPU
		{4B5483CD-8581-4D46-822E-8F3E91879F14}.Release|Any CPU.Build.0 = Release|Any CPU
		{C7591923-66D2-4BE0-91A4-1F23C109C6AA}.Debug|Any CPU.ActiveCfg = Debug|Any CPU
		{C7591923-66D2-4BE0-91A4-1F23C109C6AA}.Debug|Any CPU.Build.0 = Debug|Any CPU
		{C7591923-66D2-4BE0-91A4-1F23C109C6AA}.Release|Any CPU.ActiveCfg = Release|Any CPU
		{C7591923-66D2-4BE0-91A4-1F23C109C6AA}.Release|Any CPU.Build.0 = Release|Any CPU
		{65320AD2-9A32-46BA-944B-F9CD6B751484}.Debug|Any CPU.ActiveCfg = Debug|Any CPU
		{65320AD2-9A32-46BA-944B-F9CD6B751484}.Debug|Any CPU.Build.0 = Debug|Any CPU
		{65320AD2-9A32-46BA-944B-F9CD6B751484}.Release|Any CPU.ActiveCfg = Release|Any CPU
		{65320AD2-9A32-46BA-944B-F9CD6B751484}.Release|Any CPU.Build.0 = Release|Any CPU
		{995A5214-841C-4CEF-BBDC-DAB6D2A90931}.Debug|Any CPU.ActiveCfg = Debug|Any CPU
		{995A5214-841C-4CEF-BBDC-DAB6D2A90931}.Debug|Any CPU.Build.0 = Debug|Any CPU
		{995A5214-841C-4CEF-BBDC-DAB6D2A90931}.Release|Any CPU.ActiveCfg = Release|Any CPU
		{995A5214-841C-4CEF-BBDC-DAB6D2A90931}.Release|Any CPU.Build.0 = Release|Any CPU
		{A2CD102D-A504-4C1D-8B2D-531A587ED21E}.Debug|Any CPU.ActiveCfg = Debug|Any CPU
		{A2CD102D-A504-4C1D-8B2D-531A587ED21E}.Debug|Any CPU.Build.0 = Debug|Any CPU
		{A2CD102D-A504-4C1D-8B2D-531A587ED21E}.Release|Any CPU.ActiveCfg = Release|Any CPU
		{A2CD102D-A504-4C1D-8B2D-531A587ED21E}.Release|Any CPU.Build.0 = Release|Any CPU
	EndGlobalSection
	GlobalSection(SolutionProperties) = preSolution
		HideSolutionNode = FALSE
	EndGlobalSection
	GlobalSection(NestedProjects) = preSolution
		{4B5483CD-8581-4D46-822E-8F3E91879F14} = {79DB14CC-AB82-4725-BCDF-6FC97608F612}
		{C7591923-66D2-4BE0-91A4-1F23C109C6AA} = {79DB14CC-AB82-4725-BCDF-6FC97608F612}
		{65320AD2-9A32-46BA-944B-F9CD6B751484} = {6F1D596F-9BC0-49EB-8278-9835505C4FD5}
		{995A5214-841C-4CEF-BBDC-DAB6D2A90931} = {C7662FAC-399F-4A8F-A160-8DF6CA907D12}
		{A2CD102D-A504-4C1D-8B2D-531A587ED21E} = {6F1D596F-9BC0-49EB-8278-9835505C4FD5}
	EndGlobalSection
	GlobalSection(ExtensibilityGlobals) = postSolution
		SolutionGuid = {B1CCA31E-4333-426D-A29E-BA1B6A522F0E}
	EndGlobalSection
EndGlobal
